// !$*UTF8*$!
{
	archiveVersion = 1;
	classes = {
	};
	objectVersion = 52;
	objects = {

/* Begin PBXBuildFile section */
		B46CFA5426CFD7F2009E928F /* AppDelegate.swift in Sources */ = {isa = PBXBuildFile; fileRef = B46CFA5326CFD7F2009E928F /* AppDelegate.swift */; };
		B46CFA5626CFD7F2009E928F /* SceneDelegate.swift in Sources */ = {isa = PBXBuildFile; fileRef = B46CFA5526CFD7F2009E928F /* SceneDelegate.swift */; };
		B46CFA5826CFD7F2009E928F /* NewsPokeViewController.swift in Sources */ = {isa = PBXBuildFile; fileRef = B46CFA5726CFD7F2009E928F /* NewsPokeViewController.swift */; };
		B46CFA5B26CFD7F2009E928F /* Main.storyboard in Resources */ = {isa = PBXBuildFile; fileRef = B46CFA5926CFD7F2009E928F /* Main.storyboard */; };
		B46CFA5E26CFD7F2009E928F /* FinalProject.xcdatamodeld in Sources */ = {isa = PBXBuildFile; fileRef = B46CFA5C26CFD7F2009E928F /* FinalProject.xcdatamodeld */; };
		B46CFA6026CFD7F4009E928F /* Assets.xcassets in Resources */ = {isa = PBXBuildFile; fileRef = B46CFA5F26CFD7F4009E928F /* Assets.xcassets */; };
		B46CFA6326CFD7F4009E928F /* LaunchScreen.storyboard in Resources */ = {isa = PBXBuildFile; fileRef = B46CFA6126CFD7F4009E928F /* LaunchScreen.storyboard */; };
		B46CFA7226CFDB01009E928F /* Gloss in Frameworks */ = {isa = PBXBuildFile; productRef = B46CFA7126CFDB01009E928F /* Gloss */; };
		B46CFA7526CFDB5D009E928F /* Alert.swift in Sources */ = {isa = PBXBuildFile; fileRef = B46CFA7426CFDB5D009E928F /* Alert.swift */; };
		B46CFA7726CFFA9C009E928F /* PokeNewsTableViewCell.swift in Sources */ = {isa = PBXBuildFile; fileRef = B46CFA7626CFFA9C009E928F /* PokeNewsTableViewCell.swift */; };
		B46CFA7A26CFFDF2009E928F /* PokeItem.swift in Sources */ = {isa = PBXBuildFile; fileRef = B46CFA7926CFFDF2009E928F /* PokeItem.swift */; };
		B46CFABF26D2586D009E928F /* DetailPokeViewController.swift in Sources */ = {isa = PBXBuildFile; fileRef = B46CFABE26D2586D009E928F /* DetailPokeViewController.swift */; };
		B46CFAC126D2BA22009E928F /* WebPokeViewController.swift in Sources */ = {isa = PBXBuildFile; fileRef = B46CFAC026D2BA22009E928F /* WebPokeViewController.swift */; };
		B46CFAC326D3480A009E928F /* SavedPokeNewsTableViewController.swift in Sources */ = {isa = PBXBuildFile; fileRef = B46CFAC226D3480A009E928F /* SavedPokeNewsTableViewController.swift */; };
		B46CFAF726D405A7009E928F /* FindWeekDayViewController.swift in Sources */ = {isa = PBXBuildFile; fileRef = B46CFAF626D405A7009E928F /* FindWeekDayViewController.swift */; };
		B4768EAA26D49C6100C7D57A /* FirstViewController.swift in Sources */ = {isa = PBXBuildFile; fileRef = B4768EA926D49C6100C7D57A /* FirstViewController.swift */; };
/* End PBXBuildFile section */

/* Begin PBXFileReference section */
		B46CFA5026CFD7F1009E928F /* FinalProject.app */ = {isa = PBXFileReference; explicitFileType = wrapper.application; includeInIndex = 0; path = FinalProject.app; sourceTree = BUILT_PRODUCTS_DIR; };
		B46CFA5326CFD7F2009E928F /* AppDelegate.swift */ = {isa = PBXFileReference; lastKnownFileType = sourcecode.swift; path = AppDelegate.swift; sourceTree = "<group>"; };
		B46CFA5526CFD7F2009E928F /* SceneDelegate.swift */ = {isa = PBXFileReference; lastKnownFileType = sourcecode.swift; path = SceneDelegate.swift; sourceTree = "<group>"; };
		B46CFA5726CFD7F2009E928F /* NewsPokeViewController.swift */ = {isa = PBXFileReference; lastKnownFileType = sourcecode.swift; path = NewsPokeViewController.swift; sourceTree = "<group>"; };
		B46CFA5A26CFD7F2009E928F /* Base */ = {isa = PBXFileReference; lastKnownFileType = file.storyboard; name = Base; path = Base.lproj/Main.storyboard; sourceTree = "<group>"; };
		B46CFA5D26CFD7F2009E928F /* FinalProject.xcdatamodel */ = {isa = PBXFileReference; lastKnownFileType = wrapper.xcdatamodel; path = FinalProject.xcdatamodel; sourceTree = "<group>"; };
		B46CFA5F26CFD7F4009E928F /* Assets.xcassets */ = {isa = PBXFileReference; lastKnownFileType = folder.assetcatalog; path = Assets.xcassets; sourceTree = "<group>"; };
		B46CFA6226CFD7F4009E928F /* Base */ = {isa = PBXFileReference; lastKnownFileType = file.storyboard; name = Base; path = Base.lproj/LaunchScreen.storyboard; sourceTree = "<group>"; };
		B46CFA6426CFD7F4009E928F /* Info.plist */ = {isa = PBXFileReference; lastKnownFileType = text.plist.xml; path = Info.plist; sourceTree = "<group>"; };
		B46CFA7426CFDB5D009E928F /* Alert.swift */ = {isa = PBXFileReference; lastKnownFileType = sourcecode.swift; path = Alert.swift; sourceTree = "<group>"; };
		B46CFA7626CFFA9C009E928F /* PokeNewsTableViewCell.swift */ = {isa = PBXFileReference; lastKnownFileType = sourcecode.swift; path = PokeNewsTableViewCell.swift; sourceTree = "<group>"; };
		B46CFA7926CFFDF2009E928F /* PokeItem.swift */ = {isa = PBXFileReference; lastKnownFileType = sourcecode.swift; path = PokeItem.swift; sourceTree = "<group>"; };
		B46CFABE26D2586D009E928F /* DetailPokeViewController.swift */ = {isa = PBXFileReference; lastKnownFileType = sourcecode.swift; path = DetailPokeViewController.swift; sourceTree = "<group>"; };
		B46CFAC026D2BA22009E928F /* WebPokeViewController.swift */ = {isa = PBXFileReference; lastKnownFileType = sourcecode.swift; path = WebPokeViewController.swift; sourceTree = "<group>"; };
		B46CFAC226D3480A009E928F /* SavedPokeNewsTableViewController.swift */ = {isa = PBXFileReference; lastKnownFileType = sourcecode.swift; path = SavedPokeNewsTableViewController.swift; sourceTree = "<group>"; };
		B46CFAF626D405A7009E928F /* FindWeekDayViewController.swift */ = {isa = PBXFileReference; lastKnownFileType = sourcecode.swift; path = FindWeekDayViewController.swift; sourceTree = "<group>"; };
		B4768EA926D49C6100C7D57A /* FirstViewController.swift */ = {isa = PBXFileReference; lastKnownFileType = sourcecode.swift; path = FirstViewController.swift; sourceTree = "<group>"; };
/* End PBXFileReference section */

/* Begin PBXFrameworksBuildPhase section */
		B46CFA4D26CFD7F1009E928F /* Frameworks */ = {
			isa = PBXFrameworksBuildPhase;
			buildActionMask = 2147483647;
			files = (
				B46CFA7226CFDB01009E928F /* Gloss in Frameworks */,
			);
			runOnlyForDeploymentPostprocessing = 0;
		};
/* End PBXFrameworksBuildPhase section */

/* Begin PBXGroup section */
		B46CFA4726CFD7F1009E928F = {
			isa = PBXGroup;
			children = (
				B46CFA5226CFD7F2009E928F /* FinalProject */,
				B46CFA5126CFD7F1009E928F /* Products */,
			);
			sourceTree = "<group>";
		};
		B46CFA5126CFD7F1009E928F /* Products */ = {
			isa = PBXGroup;
			children = (
				B46CFA5026CFD7F1009E928F /* FinalProject.app */,
			);
			name = Products;
			sourceTree = "<group>";
		};
		B46CFA5226CFD7F2009E928F /* FinalProject */ = {
			isa = PBXGroup;
			children = (
				B46CFA6A26CFD80B009E928F /* AppDelegate */,
				B46CFA7326CFDB49009E928F /* Extension */,
				B46CFA7826CFFDAE009E928F /* Model */,
				B46CFA6C26CFD82B009E928F /* View */,
				B46CFA6B26CFD819009E928F /* Controller */,
				B46CFA5F26CFD7F4009E928F /* Assets.xcassets */,
				B46CFA6426CFD7F4009E928F /* Info.plist */,
				B46CFA5C26CFD7F2009E928F /* FinalProject.xcdatamodeld */,
			);
			path = FinalProject;
			sourceTree = "<group>";
		};
		B46CFA6A26CFD80B009E928F /* AppDelegate */ = {
			isa = PBXGroup;
			children = (
				B46CFA5326CFD7F2009E928F /* AppDelegate.swift */,
				B46CFA5526CFD7F2009E928F /* SceneDelegate.swift */,
			);
			path = AppDelegate;
			sourceTree = "<group>";
		};
		B46CFA6B26CFD819009E928F /* Controller */ = {
			isa = PBXGroup;
			children = (
				B46CFAF626D405A7009E928F /* FindWeekDayViewController.swift */,
				B4768EA926D49C6100C7D57A /* FirstViewController.swift */,
				B46CFAEC26D3DF2B009E928F /* PokeNewsController */,
			);
			path = Controller;
			sourceTree = "<group>";
		};
		B46CFA6C26CFD82B009E928F /* View */ = {
			isa = PBXGroup;
			children = (
				B46CFA5926CFD7F2009E928F /* Main.storyboard */,
				B46CFA6126CFD7F4009E928F /* LaunchScreen.storyboard */,
			);
			path = View;
			sourceTree = "<group>";
		};
		B46CFA7326CFDB49009E928F /* Extension */ = {
			isa = PBXGroup;
			children = (
				B46CFA7426CFDB5D009E928F /* Alert.swift */,
			);
			path = Extension;
			sourceTree = "<group>";
		};
		B46CFA7826CFFDAE009E928F /* Model */ = {
			isa = PBXGroup;
			children = (
				B46CFA7926CFFDF2009E928F /* PokeItem.swift */,
			);
			path = Model;
			sourceTree = "<group>";
		};
		B46CFAEC26D3DF2B009E928F /* PokeNewsController */ = {
			isa = PBXGroup;
			children = (
				B46CFAC026D2BA22009E928F /* WebPokeViewController.swift */,
				B46CFA7626CFFA9C009E928F /* PokeNewsTableViewCell.swift */,
				B46CFABE26D2586D009E928F /* DetailPokeViewController.swift */,
				B46CFAC226D3480A009E928F /* SavedPokeNewsTableViewController.swift */,
				B46CFA5726CFD7F2009E928F /* NewsPokeViewController.swift */,
			);
			path = PokeNewsController;
			sourceTree = "<group>";
		};
/* End PBXGroup section */

/* Begin PBXNativeTarget section */
		B46CFA4F26CFD7F1009E928F /* FinalProject */ = {
			isa = PBXNativeTarget;
			buildConfigurationList = B46CFA6726CFD7F4009E928F /* Build configuration list for PBXNativeTarget "FinalProject" */;
			buildPhases = (
				B46CFA4C26CFD7F1009E928F /* Sources */,
				B46CFA4D26CFD7F1009E928F /* Frameworks */,
				B46CFA4E26CFD7F1009E928F /* Resources */,
			);
			buildRules = (
			);
			dependencies = (
			);
			name = FinalProject;
			packageProductDependencies = (
				B46CFA7126CFDB01009E928F /* Gloss */,
			);
			productName = FinalProject;
			productReference = B46CFA5026CFD7F1009E928F /* FinalProject.app */;
			productType = "com.apple.product-type.application";
		};
/* End PBXNativeTarget section */

/* Begin PBXProject section */
		B46CFA4826CFD7F1009E928F /* Project object */ = {
			isa = PBXProject;
			attributes = {
				LastSwiftUpdateCheck = 1250;
				LastUpgradeCheck = 1250;
				TargetAttributes = {
					B46CFA4F26CFD7F1009E928F = {
						CreatedOnToolsVersion = 12.5.1;
					};
				};
			};
			buildConfigurationList = B46CFA4B26CFD7F1009E928F /* Build configuration list for PBXProject "FinalProject" */;
			compatibilityVersion = "Xcode 9.3";
			developmentRegion = en;
			hasScannedForEncodings = 0;
			knownRegions = (
				en,
				Base,
			);
			mainGroup = B46CFA4726CFD7F1009E928F;
			packageReferences = (
				B46CFA7026CFDB01009E928F /* XCRemoteSwiftPackageReference "Gloss" */,
			);
			productRefGroup = B46CFA5126CFD7F1009E928F /* Products */;
			projectDirPath = "";
			projectRoot = "";
			targets = (
				B46CFA4F26CFD7F1009E928F /* FinalProject */,
			);
		};
/* End PBXProject section */

/* Begin PBXResourcesBuildPhase section */
		B46CFA4E26CFD7F1009E928F /* Resources */ = {
			isa = PBXResourcesBuildPhase;
			buildActionMask = 2147483647;
			files = (
				B46CFA6326CFD7F4009E928F /* LaunchScreen.storyboard in Resources */,
				B46CFA6026CFD7F4009E928F /* Assets.xcassets in Resources */,
				B46CFA5B26CFD7F2009E928F /* Main.storyboard in Resources */,
			);
			runOnlyForDeploymentPostprocessing = 0;
		};
/* End PBXResourcesBuildPhase section */

/* Begin PBXSourcesBuildPhase section */
		B46CFA4C26CFD7F1009E928F /* Sources */ = {
			isa = PBXSourcesBuildPhase;
			buildActionMask = 2147483647;
			files = (
				B46CFA5826CFD7F2009E928F /* NewsPokeViewController.swift in Sources */,
				B46CFA5426CFD7F2009E928F /* AppDelegate.swift in Sources */,
				B46CFABF26D2586D009E928F /* DetailPokeViewController.swift in Sources */,
				B46CFA5E26CFD7F2009E928F /* FinalProject.xcdatamodeld in Sources */,
				B4768EAA26D49C6100C7D57A /* FirstViewController.swift in Sources */,
				B46CFAC326D3480A009E928F /* SavedPokeNewsTableViewController.swift in Sources */,
				B46CFA7526CFDB5D009E928F /* Alert.swift in Sources */,
				B46CFAC126D2BA22009E928F /* WebPokeViewController.swift in Sources */,
				B46CFA7A26CFFDF2009E928F /* PokeItem.swift in Sources */,
				B46CFAF726D405A7009E928F /* FindWeekDayViewController.swift in Sources */,
				B46CFA5626CFD7F2009E928F /* SceneDelegate.swift in Sources */,
				B46CFA7726CFFA9C009E928F /* PokeNewsTableViewCell.swift in Sources */,
			);
			runOnlyForDeploymentPostprocessing = 0;
		};
/* End PBXSourcesBuildPhase section */

/* Begin PBXVariantGroup section */
		B46CFA5926CFD7F2009E928F /* Main.storyboard */ = {
			isa = PBXVariantGroup;
			children = (
				B46CFA5A26CFD7F2009E928F /* Base */,
			);
			name = Main.storyboard;
			sourceTree = "<group>";
		};
		B46CFA6126CFD7F4009E928F /* LaunchScreen.storyboard */ = {
			isa = PBXVariantGroup;
			children = (
				B46CFA6226CFD7F4009E928F /* Base */,
			);
			name = LaunchScreen.storyboard;
			sourceTree = "<group>";
		};
/* End PBXVariantGroup section */

/* Begin XCBuildConfiguration section */
		B46CFA6526CFD7F4009E928F /* Debug */ = {
			isa = XCBuildConfiguration;
			buildSettings = {
				ALWAYS_SEARCH_USER_PATHS = NO;
				CLANG_ANALYZER_NONNULL = YES;
				CLANG_ANALYZER_NUMBER_OBJECT_CONVERSION = YES_AGGRESSIVE;
				CLANG_CXX_LANGUAGE_STANDARD = "gnu++14";
				CLANG_CXX_LIBRARY = "libc++";
				CLANG_ENABLE_MODULES = YES;
				CLANG_ENABLE_OBJC_ARC = YES;
				CLANG_ENABLE_OBJC_WEAK = YES;
				CLANG_WARN_BLOCK_CAPTURE_AUTORELEASING = YES;
				CLANG_WARN_BOOL_CONVERSION = YES;
				CLANG_WARN_COMMA = YES;
				CLANG_WARN_CONSTANT_CONVERSION = YES;
				CLANG_WARN_DEPRECATED_OBJC_IMPLEMENTATIONS = YES;
				CLANG_WARN_DIRECT_OBJC_ISA_USAGE = YES_ERROR;
				CLANG_WARN_DOCUMENTATION_COMMENTS = YES;
				CLANG_WARN_EMPTY_BODY = YES;
				CLANG_WARN_ENUM_CONVERSION = YES;
				CLANG_WARN_INFINITE_RECURSION = YES;
				CLANG_WARN_INT_CONVERSION = YES;
				CLANG_WARN_NON_LITERAL_NULL_CONVERSION = YES;
				CLANG_WARN_OBJC_IMPLICIT_RETAIN_SELF = YES;
				CLANG_WARN_OBJC_LITERAL_CONVERSION = YES;
				CLANG_WARN_OBJC_ROOT_CLASS = YES_ERROR;
				CLANG_WARN_QUOTED_INCLUDE_IN_FRAMEWORK_HEADER = YES;
				CLANG_WARN_RANGE_LOOP_ANALYSIS = YES;
				CLANG_WARN_STRICT_PROTOTYPES = YES;
				CLANG_WARN_SUSPICIOUS_MOVE = YES;
				CLANG_WARN_UNGUARDED_AVAILABILITY = YES_AGGRESSIVE;
				CLANG_WARN_UNREACHABLE_CODE = YES;
				CLANG_WARN__DUPLICATE_METHOD_MATCH = YES;
				COPY_PHASE_STRIP = NO;
				DEBUG_INFORMATION_FORMAT = dwarf;
				ENABLE_STRICT_OBJC_MSGSEND = YES;
				ENABLE_TESTABILITY = YES;
				GCC_C_LANGUAGE_STANDARD = gnu11;
				GCC_DYNAMIC_NO_PIC = NO;
				GCC_NO_COMMON_BLOCKS = YES;
				GCC_OPTIMIZATION_LEVEL = 0;
				GCC_PREPROCESSOR_DEFINITIONS = (
					"DEBUG=1",
					"$(inherited)",
				);
				GCC_WARN_64_TO_32_BIT_CONVERSION = YES;
				GCC_WARN_ABOUT_RETURN_TYPE = YES_ERROR;
				GCC_WARN_UNDECLARED_SELECTOR = YES;
				GCC_WARN_UNINITIALIZED_AUTOS = YES_AGGRESSIVE;
				GCC_WARN_UNUSED_FUNCTION = YES;
				GCC_WARN_UNUSED_VARIABLE = YES;
				IPHONEOS_DEPLOYMENT_TARGET = 14.5;
				MTL_ENABLE_DEBUG_INFO = INCLUDE_SOURCE;
				MTL_FAST_MATH = YES;
				ONLY_ACTIVE_ARCH = YES;
				SDKROOT = iphoneos;
				SWIFT_ACTIVE_COMPILATION_CONDITIONS = DEBUG;
				SWIFT_OPTIMIZATION_LEVEL = "-Onone";
			};
			name = Debug;
		};
		B46CFA6626CFD7F4009E928F /* Release */ = {
			isa = XCBuildConfiguration;
			buildSettings = {
				ALWAYS_SEARCH_USER_PATHS = NO;
				CLANG_ANALYZER_NONNULL = YES;
				CLANG_ANALYZER_NUMBER_OBJECT_CONVERSION = YES_AGGRESSIVE;
				CLANG_CXX_LANGUAGE_STANDARD = "gnu++14";
				CLANG_CXX_LIBRARY = "libc++";
				CLANG_ENABLE_MODULES = YES;
				CLANG_ENABLE_OBJC_ARC = YES;
				CLANG_ENABLE_OBJC_WEAK = YES;
				CLANG_WARN_BLOCK_CAPTURE_AUTORELEASING = YES;
				CLANG_WARN_BOOL_CONVERSION = YES;
				CLANG_WARN_COMMA = YES;
				CLANG_WARN_CONSTANT_CONVERSION = YES;
				CLANG_WARN_DEPRECATED_OBJC_IMPLEMENTATIONS = YES;
				CLANG_WARN_DIRECT_OBJC_ISA_USAGE = YES_ERROR;
				CLANG_WARN_DOCUMENTATION_COMMENTS = YES;
				CLANG_WARN_EMPTY_BODY = YES;
				CLANG_WARN_ENUM_CONVERSION = YES;
				CLANG_WARN_INFINITE_RECURSION = YES;
				CLANG_WARN_INT_CONVERSION = YES;
				CLANG_WARN_NON_LITERAL_NULL_CONVERSION = YES;
				CLANG_WARN_OBJC_IMPLICIT_RETAIN_SELF = YES;
				CLANG_WARN_OBJC_LITERAL_CONVERSION = YES;
				CLANG_WARN_OBJC_ROOT_CLASS = YES_ERROR;
				CLANG_WARN_QUOTED_INCLUDE_IN_FRAMEWORK_HEADER = YES;
				CLANG_WARN_RANGE_LOOP_ANALYSIS = YES;
				CLANG_WARN_STRICT_PROTOTYPES = YES;
				CLANG_WARN_SUSPICIOUS_MOVE = YES;
				CLANG_WARN_UNGUARDED_AVAILABILITY = YES_AGGRESSIVE;
				CLANG_WARN_UNREACHABLE_CODE = YES;
				CLANG_WARN__DUPLICATE_METHOD_MATCH = YES;
				COPY_PHASE_STRIP = NO;
				DEBUG_INFORMATION_FORMAT = "dwarf-with-dsym";
				ENABLE_NS_ASSERTIONS = NO;
				ENABLE_STRICT_OBJC_MSGSEND = YES;
				GCC_C_LANGUAGE_STANDARD = gnu11;
				GCC_NO_COMMON_BLOCKS = YES;
				GCC_WARN_64_TO_32_BIT_CONVERSION = YES;
				GCC_WARN_ABOUT_RETURN_TYPE = YES_ERROR;
				GCC_WARN_UNDECLARED_SELECTOR = YES;
				GCC_WARN_UNINITIALIZED_AUTOS = YES_AGGRESSIVE;
				GCC_WARN_UNUSED_FUNCTION = YES;
				GCC_WARN_UNUSED_VARIABLE = YES;
				IPHONEOS_DEPLOYMENT_TARGET = 14.5;
				MTL_ENABLE_DEBUG_INFO = NO;
				MTL_FAST_MATH = YES;
				SDKROOT = iphoneos;
				SWIFT_COMPILATION_MODE = wholemodule;
				SWIFT_OPTIMIZATION_LEVEL = "-O";
				VALIDATE_PRODUCT = YES;
			};
			name = Release;
		};
		B46CFA6826CFD7F4009E928F /* Debug */ = {
			isa = XCBuildConfiguration;
			buildSettings = {
				ASSETCATALOG_COMPILER_APPICON_NAME = AppIcon;
				ASSETCATALOG_COMPILER_GLOBAL_ACCENT_COLOR_NAME = AccentColor;
				CODE_SIGN_STYLE = Automatic;
				DEVELOPMENT_TEAM = B73ANP632K;
				INFOPLIST_FILE = FinalProject/Info.plist;
				LD_RUNPATH_SEARCH_PATHS = (
					"$(inherited)",
					"@executable_path/Frameworks",
				);
				PRODUCT_BUNDLE_IDENTIFIER = "com.up-co.FinalProject";
				PRODUCT_NAME = "$(TARGET_NAME)";
				SWIFT_VERSION = 5.0;
				TARGETED_DEVICE_FAMILY = "1,2";
			};
			name = Debug;
		};
		B46CFA6926CFD7F4009E928F /* Release */ = {
			isa = XCBuildConfiguration;
			buildSettings = {
				ASSETCATALOG_COMPILER_APPICON_NAME = AppIcon;
				ASSETCATALOG_COMPILER_GLOBAL_ACCENT_COLOR_NAME = AccentColor;
				CODE_SIGN_STYLE = Automatic;
				DEVELOPMENT_TEAM = B73ANP632K;
				INFOPLIST_FILE = FinalProject/Info.plist;
				LD_RUNPATH_SEARCH_PATHS = (
					"$(inherited)",
					"@executable_path/Frameworks",
				);
				PRODUCT_BUNDLE_IDENTIFIER = "com.up-co.FinalProject";
				PRODUCT_NAME = "$(TARGET_NAME)";
				SWIFT_VERSION = 5.0;
				TARGETED_DEVICE_FAMILY = "1,2";
			};
			name = Release;
		};
/* End XCBuildConfiguration section */

/* Begin XCConfigurationList section */
		B46CFA4B26CFD7F1009E928F /* Build configuration list for PBXProject "FinalProject" */ = {
			isa = XCConfigurationList;
			buildConfigurations = (
				B46CFA6526CFD7F4009E928F /* Debug */,
				B46CFA6626CFD7F4009E928F /* Release */,
			);
			defaultConfigurationIsVisible = 0;
			defaultConfigurationName = Release;
		};
		B46CFA6726CFD7F4009E928F /* Build configuration list for PBXNativeTarget "FinalProject" */ = {
			isa = XCConfigurationList;
			buildConfigurations = (
				B46CFA6826CFD7F4009E928F /* Debug */,
				B46CFA6926CFD7F4009E928F /* Release */,
			);
			defaultConfigurationIsVisible = 0;
			defaultConfigurationName = Release;
		};
/* End XCConfigurationList section */

/* Begin XCRemoteSwiftPackageReference section */
		B46CFA7026CFDB01009E928F /* XCRemoteSwiftPackageReference "Gloss" */ = {
			isa = XCRemoteSwiftPackageReference;
			repositoryURL = "https://github.com/hkellaway/Gloss.git";
			requirement = {
				kind = upToNextMajorVersion;
				minimumVersion = 3.2.1;
			};
		};
/* End XCRemoteSwiftPackageReference section */

/* Begin XCSwiftPackageProductDependency section */
		B46CFA7126CFDB01009E928F /* Gloss */ = {
			isa = XCSwiftPackageProductDependency;
			package = B46CFA7026CFDB01009E928F /* XCRemoteSwiftPackageReference "Gloss" */;
			productName = Gloss;
		};
/* End XCSwiftPackageProductDependency section */

/* Begin XCVersionGroup section */
		B46CFA5C26CFD7F2009E928F /* FinalProject.xcdatamodeld */ = {
			isa = XCVersionGroup;
			children = (
				B46CFA5D26CFD7F2009E928F /* FinalProject.xcdatamodel */,
			);
			currentVersion = B46CFA5D26CFD7F2009E928F /* FinalProject.xcdatamodel */;
			path = FinalProject.xcdatamodeld;
			sourceTree = "<group>";
			versionGroupType = wrapper.xcdatamodel;
		};
/* End XCVersionGroup section */
	};
	rootObject = B46CFA4826CFD7F1009E928F /* Project object */;
}
